
Microsoft Visual Studio Solution File, Format Version 12.00
# Visual Studio Version 16
VisualStudioVersion = 16.0.29911.84
MinimumVisualStudioVersion = 10.0.40219.1
Project("{FAE04EC0-301F-11D3-BF4B-00C04F79EFBC}") = "Pandateque.AuthorizedAction.MediatR", "Pandateque.AuthorizedAction.MediatR\Pandateque.AuthorizedAction.MediatR.csproj", "{9C699C70-F80B-43F0-8B64-6477964D8ACB}"
EndProject
Global
	GlobalSection(SolutionConfigurationPlatforms) = preSolution
		Debug|Any CPU = Debug|Any CPU
		Release|Any CPU = Release|Any CPU
	EndGlobalSection
	GlobalSection(ProjectConfigurationPlatforms) = postSolution
		{9C699C70-F80B-43F0-8B64-6477964D8ACB}.Debug|Any CPU.ActiveCfg = Debug|Any CPU
		{9C699C70-F80B-43F0-8B64-6477964D8ACB}.Debug|Any CPU.Build.0 = Debug|Any CPU
		{9C699C70-F80B-43F0-8B64-6477964D8ACB}.Release|Any CPU.ActiveCfg = Release|Any CPU
		{9C699C70-F80B-43F0-8B64-6477964D8ACB}.Release|Any CPU.Build.0 = Release|Any CPU
	EndGlobalSection
	GlobalSection(SolutionProperties) = preSolution
		HideSolutionNode = FALSE
	EndGlobalSection
	GlobalSection(ExtensibilityGlobals) = postSolution
		SolutionGuid = {FEC597D8-90A8-4980-BFC3-721ADC61C176}
	EndGlobalSection
EndGlobal
